# This file is automatically @generated by Poetry 1.8.3 and should not be changed by hand.

[[package]]
name = "cffi"
version = "1.17.1"
description = "Foreign Function Interface for Python calling C code."
optional = false
python-versions = ">=3.8"
files = [
    {file = "cffi-1.17.1-cp310-cp310-macosx_10_9_x86_64.whl", hash = "sha256:df8b1c11f177bc2313ec4b2d46baec87a5f3e71fc8b45dab2ee7cae86d9aba14"},
    {file = "cffi-1.17.1-cp310-cp310-macosx_11_0_arm64.whl", hash = "sha256:8f2cdc858323644ab277e9bb925ad72ae0e67f69e804f4898c070998d50b1a67"},
    {file = "cffi-1.17.1-cp310-cp310-manylinux_2_12_i686.manylinux2010_i686.manylinux_2_17_i686.manylinux2014_i686.whl", hash = "sha256:edae79245293e15384b51f88b00613ba9f7198016a5948b5dddf4917d4d26382"},
    {file = "cffi-1.17.1-cp310-cp310-manylinux_2_17_aarch64.manylinux2014_aarch64.whl", hash = "sha256:45398b671ac6d70e67da8e4224a065cec6a93541bb7aebe1b198a61b58c7b702"},
    {file = "cffi-1.17.1-cp310-cp310-manylinux_2_17_ppc64le.manylinux2014_ppc64le.whl", hash = "sha256:ad9413ccdeda48c5afdae7e4fa2192157e991ff761e7ab8fdd8926f40b160cc3"},
    {file = "cffi-1.17.1-cp310-cp310-manylinux_2_17_s390x.manylinux2014_s390x.whl", hash = "sha256:5da5719280082ac6bd9aa7becb3938dc9f9cbd57fac7d2871717b1feb0902ab6"},
    {file = "cffi-1.17.1-cp310-cp310-manylinux_2_17_x86_64.manylinux2014_x86_64.whl", hash = "sha256:2bb1a08b8008b281856e5971307cc386a8e9c5b625ac297e853d36da6efe9c17"},
    {file = "cffi-1.17.1-cp310-cp310-musllinux_1_1_aarch64.whl", hash = "sha256:045d61c734659cc045141be4bae381a41d89b741f795af1dd018bfb532fd0df8"},
    {file = "cffi-1.17.1-cp310-cp310-musllinux_1_1_i686.whl", hash = "sha256:6883e737d7d9e4899a8a695e00ec36bd4e5e4f18fabe0aca0efe0a4b44cdb13e"},
    {file = "cffi-1.17.1-cp310-cp310-musllinux_1_1_x86_64.whl", hash = "sha256:6b8b4a92e1c65048ff98cfe1f735ef8f1ceb72e3d5f0c25fdb12087a23da22be"},
    {file = "cffi-1.17.1-cp310-cp310-win32.whl", hash = "sha256:c9c3d058ebabb74db66e431095118094d06abf53284d9c81f27300d0e0d8bc7c"},
    {file = "cffi-1.17.1-cp310-cp310-win_amd64.whl", hash = "sha256:0f048dcf80db46f0098ccac01132761580d28e28bc0f78ae0d58048063317e15"},
    {file = "cffi-1.17.1-cp311-cp311-macosx_10_9_x86_64.whl", hash = "sha256:a45e3c6913c5b87b3ff120dcdc03f6131fa0065027d0ed7ee6190736a74cd401"},
    {file = "cffi-1.17.1-cp311-cp311-macosx_11_0_arm64.whl", hash = "sha256:30c5e0cb5ae493c04c8b42916e52ca38079f1b235c2f8ae5f4527b963c401caf"},
    {file = "cffi-1.17.1-cp311-cp311-manylinux_2_12_i686.manylinux2010_i686.manylinux_2_17_i686.manylinux2014_i686.whl", hash = "sha256:f75c7ab1f9e4aca5414ed4d8e5c0e303a34f4421f8a0d47a4d019ceff0ab6af4"},
    {file = "cffi-1.17.1-cp311-cp311-manylinux_2_17_aarch64.manylinux2014_aarch64.whl", hash = "sha256:a1ed2dd2972641495a3ec98445e09766f077aee98a1c896dcb4ad0d303628e41"},
    {file = "cffi-1.17.1-cp311-cp311-manylinux_2_17_ppc64le.manylinux2014_ppc64le.whl", hash = "sha256:46bf43160c1a35f7ec506d254e5c890f3c03648a4dbac12d624e4490a7046cd1"},
    {file = "cffi-1.17.1-cp311-cp311-manylinux_2_17_s390x.manylinux2014_s390x.whl", hash = "sha256:a24ed04c8ffd54b0729c07cee15a81d964e6fee0e3d4d342a27b020d22959dc6"},
    {file = "cffi-1.17.1-cp311-cp311-manylinux_2_17_x86_64.manylinux2014_x86_64.whl", hash = "sha256:610faea79c43e44c71e1ec53a554553fa22321b65fae24889706c0a84d4ad86d"},
    {file = "cffi-1.17.1-cp311-cp311-musllinux_1_1_aarch64.whl", hash = "sha256:a9b15d491f3ad5d692e11f6b71f7857e7835eb677955c00cc0aefcd0669adaf6"},
    {file = "cffi-1.17.1-cp311-cp311-musllinux_1_1_i686.whl", hash = "sha256:de2ea4b5833625383e464549fec1bc395c1bdeeb5f25c4a3a82b5a8c756ec22f"},
    {file = "cffi-1.17.1-cp311-cp311-musllinux_1_1_x86_64.whl", hash = "sha256:fc48c783f9c87e60831201f2cce7f3b2e4846bf4d8728eabe54d60700b318a0b"},
    {file = "cffi-1.17.1-cp311-cp311-win32.whl", hash = "sha256:85a950a4ac9c359340d5963966e3e0a94a676bd6245a4b55bc43949eee26a655"},
    {file = "cffi-1.17.1-cp311-cp311-win_amd64.whl", hash = "sha256:caaf0640ef5f5517f49bc275eca1406b0ffa6aa184892812030f04c2abf589a0"},
    {file = "cffi-1.17.1-cp312-cp312-macosx_10_9_x86_64.whl", hash = "sha256:805b4371bf7197c329fcb3ead37e710d1bca9da5d583f5073b799d5c5bd1eee4"},
    {file = "cffi-1.17.1-cp312-cp312-macosx_11_0_arm64.whl", hash = "sha256:733e99bc2df47476e3848417c5a4540522f234dfd4ef3ab7fafdf555b082ec0c"},
    {file = "cffi-1.17.1-cp312-cp312-manylinux_2_12_i686.manylinux2010_i686.manylinux_2_17_i686.manylinux2014_i686.whl", hash = "sha256:1257bdabf294dceb59f5e70c64a3e2f462c30c7ad68092d01bbbfb1c16b1ba36"},
    {file = "cffi-1.17.1-cp312-cp312-manylinux_2_17_aarch64.manylinux2014_aarch64.whl", hash = "sha256:da95af8214998d77a98cc14e3a3bd00aa191526343078b530ceb0bd710fb48a5"},
    {file = "cffi-1.17.1-cp312-cp312-manylinux_2_17_ppc64le.manylinux2014_ppc64le.whl", hash = "sha256:d63afe322132c194cf832bfec0dc69a99fb9bb6bbd550f161a49e9e855cc78ff"},
    {file = "cffi-1.17.1-cp312-cp312-manylinux_2_17_s390x.manylinux2014_s390x.whl", hash = "sha256:f79fc4fc25f1c8698ff97788206bb3c2598949bfe0fef03d299eb1b5356ada99"},
    {file = "cffi-1.17.1-cp312-cp312-manylinux_2_17_x86_64.manylinux2014_x86_64.whl", hash = "sha256:b62ce867176a75d03a665bad002af8e6d54644fad99a3c70905c543130e39d93"},
    {file = "cffi-1.17.1-cp312-cp312-musllinux_1_1_aarch64.whl", hash = "sha256:386c8bf53c502fff58903061338ce4f4950cbdcb23e2902d86c0f722b786bbe3"},
    {file = "cffi-1.17.1-cp312-cp312-musllinux_1_1_x86_64.whl", hash = "sha256:4ceb10419a9adf4460ea14cfd6bc43d08701f0835e979bf821052f1805850fe8"},
    {file = "cffi-1.17.1-cp312-cp312-win32.whl", hash = "sha256:a08d7e755f8ed21095a310a693525137cfe756ce62d066e53f502a83dc550f65"},
    {file = "cffi-1.17.1-cp312-cp312-win_amd64.whl", hash = "sha256:51392eae71afec0d0c8fb1a53b204dbb3bcabcb3c9b807eedf3e1e6ccf2de903"},
    {file = "cffi-1.17.1-cp313-cp313-macosx_10_13_x86_64.whl", hash = "sha256:f3a2b4222ce6b60e2e8b337bb9596923045681d71e5a082783484d845390938e"},
    {file = "cffi-1.17.1-cp313-cp313-macosx_11_0_arm64.whl", hash = "sha256:0984a4925a435b1da406122d4d7968dd861c1385afe3b45ba82b750f229811e2"},
    {file = "cffi-1.17.1-cp313-cp313-manylinux_2_12_i686.manylinux2010_i686.manylinux_2_17_i686.manylinux2014_i686.whl", hash = "sha256:d01b12eeeb4427d3110de311e1774046ad344f5b1a7403101878976ecd7a10f3"},
    {file = "cffi-1.17.1-cp313-cp313-manylinux_2_17_aarch64.manylinux2014_aarch64.whl", hash = "sha256:706510fe141c86a69c8ddc029c7910003a17353970cff3b904ff0686a5927683"},
    {file = "cffi-1.17.1-cp313-cp313-manylinux_2_17_ppc64le.manylinux2014_ppc64le.whl", hash = "sha256:de55b766c7aa2e2a3092c51e0483d700341182f08e67c63630d5b6f200bb28e5"},
    {file = "cffi-1.17.1-cp313-cp313-manylinux_2_17_s390x.manylinux2014_s390x.whl", hash = "sha256:c59d6e989d07460165cc5ad3c61f9fd8f1b4796eacbd81cee78957842b834af4"},
    {file = "cffi-1.17.1-cp313-cp313-manylinux_2_17_x86_64.manylinux2014_x86_64.whl", hash = "sha256:dd398dbc6773384a17fe0d3e7eeb8d1a21c2200473ee6806bb5e6a8e62bb73dd"},
    {file = "cffi-1.17.1-cp313-cp313-musllinux_1_1_aarch64.whl", hash = "sha256:3edc8d958eb099c634dace3c7e16560ae474aa3803a5df240542b305d14e14ed"},
    {file = "cffi-1.17.1-cp313-cp313-musllinux_1_1_x86_64.whl", hash = "sha256:72e72408cad3d5419375fc87d289076ee319835bdfa2caad331e377589aebba9"},
    {file = "cffi-1.17.1-cp313-cp313-win32.whl", hash = "sha256:e03eab0a8677fa80d646b5ddece1cbeaf556c313dcfac435ba11f107ba117b5d"},
    {file = "cffi-1.17.1-cp313-cp313-win_amd64.whl", hash = "sha256:f6a16c31041f09ead72d69f583767292f750d24913dadacf5756b966aacb3f1a"},
    {file = "cffi-1.17.1-cp38-cp38-macosx_10_9_x86_64.whl", hash = "sha256:636062ea65bd0195bc012fea9321aca499c0504409f413dc88af450b57ffd03b"},
    {file = "cffi-1.17.1-cp38-cp38-manylinux_2_12_i686.manylinux2010_i686.manylinux_2_17_i686.manylinux2014_i686.whl", hash = "sha256:c7eac2ef9b63c79431bc4b25f1cd649d7f061a28808cbc6c47b534bd789ef964"},
    {file = "cffi-1.17.1-cp38-cp38-manylinux_2_17_aarch64.manylinux2014_aarch64.whl", hash = "sha256:e221cf152cff04059d011ee126477f0d9588303eb57e88923578ace7baad17f9"},
    {file = "cffi-1.17.1-cp38-cp38-manylinux_2_17_ppc64le.manylinux2014_ppc64le.whl", hash = "sha256:31000ec67d4221a71bd3f67df918b1f88f676f1c3b535a7eb473255fdc0b83fc"},
    {file = "cffi-1.17.1-cp38-cp38-manylinux_2_17_s390x.manylinux2014_s390x.whl", hash = "sha256:6f17be4345073b0a7b8ea599688f692ac3ef23ce28e5df79c04de519dbc4912c"},
    {file = "cffi-1.17.1-cp38-cp38-manylinux_2_17_x86_64.manylinux2014_x86_64.whl", hash = "sha256:0e2b1fac190ae3ebfe37b979cc1ce69c81f4e4fe5746bb401dca63a9062cdaf1"},
    {file = "cffi-1.17.1-cp38-cp38-win32.whl", hash = "sha256:7596d6620d3fa590f677e9ee430df2958d2d6d6de2feeae5b20e82c00b76fbf8"},
    {file = "cffi-1.17.1-cp38-cp38-win_amd64.whl", hash = "sha256:78122be759c3f8a014ce010908ae03364d00a1f81ab5c7f4a7a5120607ea56e1"},
    {file = "cffi-1.17.1-cp39-cp39-macosx_10_9_x86_64.whl", hash = "sha256:b2ab587605f4ba0bf81dc0cb08a41bd1c0a5906bd59243d56bad7668a6fc6c16"},
    {file = "cffi-1.17.1-cp39-cp39-macosx_11_0_arm64.whl", hash = "sha256:28b16024becceed8c6dfbc75629e27788d8a3f9030691a1dbf9821a128b22c36"},
    {file = "cffi-1.17.1-cp39-cp39-manylinux_2_12_i686.manylinux2010_i686.manylinux_2_17_i686.manylinux2014_i686.whl", hash = "sha256:1d599671f396c4723d016dbddb72fe8e0397082b0a77a4fab8028923bec050e8"},
    {file = "cffi-1.17.1-cp39-cp39-manylinux_2_17_aarch64.manylinux2014_aarch64.whl", hash = "sha256:ca74b8dbe6e8e8263c0ffd60277de77dcee6c837a3d0881d8c1ead7268c9e576"},
    {file = "cffi-1.17.1-cp39-cp39-manylinux_2_17_ppc64le.manylinux2014_ppc64le.whl", hash = "sha256:f7f5baafcc48261359e14bcd6d9bff6d4b28d9103847c9e136694cb0501aef87"},
    {file = "cffi-1.17.1-cp39-cp39-manylinux_2_17_s390x.manylinux2014_s390x.whl", hash = "sha256:98e3969bcff97cae1b2def8ba499ea3d6f31ddfdb7635374834cf89a1a08ecf0"},
    {file = "cffi-1.17.1-cp39-cp39-manylinux_2_17_x86_64.manylinux2014_x86_64.whl", hash = "sha256:cdf5ce3acdfd1661132f2a9c19cac174758dc2352bfe37d98aa7512c6b7178b3"},
    {file = "cffi-1.17.1-cp39-cp39-musllinux_1_1_aarch64.whl", hash = "sha256:9755e4345d1ec879e3849e62222a18c7174d65a6a92d5b346b1863912168b595"},
    {file = "cffi-1.17.1-cp39-cp39-musllinux_1_1_i686.whl", hash = "sha256:f1e22e8c4419538cb197e4dd60acc919d7696e5ef98ee4da4e01d3f8cfa4cc5a"},
    {file = "cffi-1.17.1-cp39-cp39-musllinux_1_1_x86_64.whl", hash = "sha256:c03e868a0b3bc35839ba98e74211ed2b05d2119be4e8a0f224fba9384f1fe02e"},
    {file = "cffi-1.17.1-cp39-cp39-win32.whl", hash = "sha256:e31ae45bc2e29f6b2abd0de1cc3b9d5205aa847cafaecb8af1476a609a2f6eb7"},
    {file = "cffi-1.17.1-cp39-cp39-win_amd64.whl", hash = "sha256:d016c76bdd850f3c626af19b0542c9677ba156e4ee4fccfdd7848803533ef662"},
    {file = "cffi-1.17.1.tar.gz", hash = "sha256:1c39c6016c32bc48dd54561950ebd6836e1670f2ae46128f67cf49e789c52824"},
]

[package.dependencies]
pycparser = "*"

[[package]]
name = "numpy"
version = "2.1.2"
description = "Fundamental package for array computing in Python"
optional = false
python-versions = ">=3.10"
files = [
    {file = "numpy-2.1.2-cp310-cp310-macosx_10_9_x86_64.whl", hash = "sha256:30d53720b726ec36a7f88dc873f0eec8447fbc93d93a8f079dfac2629598d6ee"},
    {file = "numpy-2.1.2-cp310-cp310-macosx_11_0_arm64.whl", hash = "sha256:e8d3ca0a72dd8846eb6f7dfe8f19088060fcb76931ed592d29128e0219652884"},
    {file = "numpy-2.1.2-cp310-cp310-macosx_14_0_arm64.whl", hash = "sha256:fc44e3c68ff00fd991b59092a54350e6e4911152682b4782f68070985aa9e648"},
    {file = "numpy-2.1.2-cp310-cp310-macosx_14_0_x86_64.whl", hash = "sha256:7c1c60328bd964b53f8b835df69ae8198659e2b9302ff9ebb7de4e5a5994db3d"},
    {file = "numpy-2.1.2-cp310-cp310-manylinux_2_17_aarch64.manylinux2014_aarch64.whl", hash = "sha256:6cdb606a7478f9ad91c6283e238544451e3a95f30fb5467fbf715964341a8a86"},
    {file = "numpy-2.1.2-cp310-cp310-manylinux_2_17_x86_64.manylinux2014_x86_64.whl", hash = "sha256:d666cb72687559689e9906197e3bec7b736764df6a2e58ee265e360663e9baf7"},
    {file = "numpy-2.1.2-cp310-cp310-musllinux_1_1_x86_64.whl", hash = "sha256:c6eef7a2dbd0abfb0d9eaf78b73017dbfd0b54051102ff4e6a7b2980d5ac1a03"},
    {file = "numpy-2.1.2-cp310-cp310-musllinux_1_2_aarch64.whl", hash = "sha256:12edb90831ff481f7ef5f6bc6431a9d74dc0e5ff401559a71e5e4611d4f2d466"},
    {file = "numpy-2.1.2-cp310-cp310-win32.whl", hash = "sha256:a65acfdb9c6ebb8368490dbafe83c03c7e277b37e6857f0caeadbbc56e12f4fb"},
    {file = "numpy-2.1.2-cp310-cp310-win_amd64.whl", hash = "sha256:860ec6e63e2c5c2ee5e9121808145c7bf86c96cca9ad396c0bd3e0f2798ccbe2"},
    {file = "numpy-2.1.2-cp311-cp311-macosx_10_9_x86_64.whl", hash = "sha256:b42a1a511c81cc78cbc4539675713bbcf9d9c3913386243ceff0e9429ca892fe"},
    {file = "numpy-2.1.2-cp311-cp311-macosx_11_0_arm64.whl", hash = "sha256:faa88bc527d0f097abdc2c663cddf37c05a1c2f113716601555249805cf573f1"},
    {file = "numpy-2.1.2-cp311-cp311-macosx_14_0_arm64.whl", hash = "sha256:c82af4b2ddd2ee72d1fc0c6695048d457e00b3582ccde72d8a1c991b808bb20f"},
    {file = "numpy-2.1.2-cp311-cp311-macosx_14_0_x86_64.whl", hash = "sha256:13602b3174432a35b16c4cfb5de9a12d229727c3dd47a6ce35111f2ebdf66ff4"},
    {file = "numpy-2.1.2-cp311-cp311-manylinux_2_17_aarch64.manylinux2014_aarch64.whl", hash = "sha256:1ebec5fd716c5a5b3d8dfcc439be82a8407b7b24b230d0ad28a81b61c2f4659a"},
    {file = "numpy-2.1.2-cp311-cp311-manylinux_2_17_x86_64.manylinux2014_x86_64.whl", hash = "sha256:e2b49c3c0804e8ecb05d59af8386ec2f74877f7ca8fd9c1e00be2672e4d399b1"},
    {file = "numpy-2.1.2-cp311-cp311-musllinux_1_1_x86_64.whl", hash = "sha256:2cbba4b30bf31ddbe97f1c7205ef976909a93a66bb1583e983adbd155ba72ac2"},
    {file = "numpy-2.1.2-cp311-cp311-musllinux_1_2_aarch64.whl", hash = "sha256:8e00ea6fc82e8a804433d3e9cedaa1051a1422cb6e443011590c14d2dea59146"},
    {file = "numpy-2.1.2-cp311-cp311-win32.whl", hash = "sha256:5006b13a06e0b38d561fab5ccc37581f23c9511879be7693bd33c7cd15ca227c"},
    {file = "numpy-2.1.2-cp311-cp311-win_amd64.whl", hash = "sha256:f1eb068ead09f4994dec71c24b2844f1e4e4e013b9629f812f292f04bd1510d9"},
    {file = "numpy-2.1.2-cp312-cp312-macosx_10_13_x86_64.whl", hash = "sha256:d7bf0a4f9f15b32b5ba53147369e94296f5fffb783db5aacc1be15b4bf72f43b"},
    {file = "numpy-2.1.2-cp312-cp312-macosx_11_0_arm64.whl", hash = "sha256:b1d0fcae4f0949f215d4632be684a539859b295e2d0cb14f78ec231915d644db"},
    {file = "numpy-2.1.2-cp312-cp312-macosx_14_0_arm64.whl", hash = "sha256:f751ed0a2f250541e19dfca9f1eafa31a392c71c832b6bb9e113b10d050cb0f1"},
    {file = "numpy-2.1.2-cp312-cp312-macosx_14_0_x86_64.whl", hash = "sha256:bd33f82e95ba7ad632bc57837ee99dba3d7e006536200c4e9124089e1bf42426"},
    {file = "numpy-2.1.2-cp312-cp312-manylinux_2_17_aarch64.manylinux2014_aarch64.whl", hash = "sha256:1b8cde4f11f0a975d1fd59373b32e2f5a562ade7cde4f85b7137f3de8fbb29a0"},
    {file = "numpy-2.1.2-cp312-cp312-manylinux_2_17_x86_64.manylinux2014_x86_64.whl", hash = "sha256:6d95f286b8244b3649b477ac066c6906fbb2905f8ac19b170e2175d3d799f4df"},
    {file = "numpy-2.1.2-cp312-cp312-musllinux_1_1_x86_64.whl", hash = "sha256:ab4754d432e3ac42d33a269c8567413bdb541689b02d93788af4131018cbf366"},
    {file = "numpy-2.1.2-cp312-cp312-musllinux_1_2_aarch64.whl", hash = "sha256:e585c8ae871fd38ac50598f4763d73ec5497b0de9a0ab4ef5b69f01c6a046142"},
    {file = "numpy-2.1.2-cp312-cp312-win32.whl", hash = "sha256:9c6c754df29ce6a89ed23afb25550d1c2d5fdb9901d9c67a16e0b16eaf7e2550"},
    {file = "numpy-2.1.2-cp312-cp312-win_amd64.whl", hash = "sha256:456e3b11cb79ac9946c822a56346ec80275eaf2950314b249b512896c0d2505e"},
    {file = "numpy-2.1.2-cp313-cp313-macosx_10_13_x86_64.whl", hash = "sha256:a84498e0d0a1174f2b3ed769b67b656aa5460c92c9554039e11f20a05650f00d"},
    {file = "numpy-2.1.2-cp313-cp313-macosx_11_0_arm64.whl", hash = "sha256:4d6ec0d4222e8ffdab1744da2560f07856421b367928026fb540e1945f2eeeaf"},
    {file = "numpy-2.1.2-cp313-cp313-macosx_14_0_arm64.whl", hash = "sha256:259ec80d54999cc34cd1eb8ded513cb053c3bf4829152a2e00de2371bd406f5e"},
    {file = "numpy-2.1.2-cp313-cp313-macosx_14_0_x86_64.whl", hash = "sha256:675c741d4739af2dc20cd6c6a5c4b7355c728167845e3c6b0e824e4e5d36a6c3"},
    {file = "numpy-2.1.2-cp313-cp313-manylinux_2_17_aarch64.manylinux2014_aarch64.whl", hash = "sha256:05b2d4e667895cc55e3ff2b56077e4c8a5604361fc21a042845ea3ad67465aa8"},
    {file = "numpy-2.1.2-cp313-cp313-manylinux_2_17_x86_64.manylinux2014_x86_64.whl", hash = "sha256:43cca367bf94a14aca50b89e9bc2061683116cfe864e56740e083392f533ce7a"},
    {file = "numpy-2.1.2-cp313-cp313-musllinux_1_1_x86_64.whl", hash = "sha256:76322dcdb16fccf2ac56f99048af32259dcc488d9b7e25b51e5eca5147a3fb98"},
    {file = "numpy-2.1.2-cp313-cp313-musllinux_1_2_aarch64.whl", hash = "sha256:32e16a03138cabe0cb28e1007ee82264296ac0983714094380b408097a418cfe"},
    {file = "numpy-2.1.2-cp313-cp313-win32.whl", hash = "sha256:242b39d00e4944431a3cd2db2f5377e15b5785920421993770cddb89992c3f3a"},
    {file = "numpy-2.1.2-cp313-cp313-win_amd64.whl", hash = "sha256:f2ded8d9b6f68cc26f8425eda5d3877b47343e68ca23d0d0846f4d312ecaa445"},
    {file = "numpy-2.1.2-cp313-cp313t-macosx_10_13_x86_64.whl", hash = "sha256:2ffef621c14ebb0188a8633348504a35c13680d6da93ab5cb86f4e54b7e922b5"},
    {file = "numpy-2.1.2-cp313-cp313t-macosx_11_0_arm64.whl", hash = "sha256:ad369ed238b1959dfbade9018a740fb9392c5ac4f9b5173f420bd4f37ba1f7a0"},
    {file = "numpy-2.1.2-cp313-cp313t-macosx_14_0_arm64.whl", hash = "sha256:d82075752f40c0ddf57e6e02673a17f6cb0f8eb3f587f63ca1eaab5594da5b17"},
    {file = "numpy-2.1.2-cp313-cp313t-macosx_14_0_x86_64.whl", hash = "sha256:1600068c262af1ca9580a527d43dc9d959b0b1d8e56f8a05d830eea39b7c8af6"},
    {file = "numpy-2.1.2-cp313-cp313t-manylinux_2_17_aarch64.manylinux2014_aarch64.whl", hash = "sha256:a26ae94658d3ba3781d5e103ac07a876b3e9b29db53f68ed7df432fd033358a8"},
    {file = "numpy-2.1.2-cp313-cp313t-manylinux_2_17_x86_64.manylinux2014_x86_64.whl", hash = "sha256:13311c2db4c5f7609b462bc0f43d3c465424d25c626d95040f073e30f7570e35"},
    {file = "numpy-2.1.2-cp313-cp313t-musllinux_1_1_x86_64.whl", hash = "sha256:2abbf905a0b568706391ec6fa15161fad0fb5d8b68d73c461b3c1bab6064dd62"},
    {file = "numpy-2.1.2-cp313-cp313t-musllinux_1_2_aarch64.whl", hash = "sha256:ef444c57d664d35cac4e18c298c47d7b504c66b17c2ea91312e979fcfbdfb08a"},
    {file = "numpy-2.1.2-pp310-pypy310_pp73-macosx_10_15_x86_64.whl", hash = "sha256:bdd407c40483463898b84490770199d5714dcc9dd9b792f6c6caccc523c00952"},
    {file = "numpy-2.1.2-pp310-pypy310_pp73-macosx_14_0_x86_64.whl", hash = "sha256:da65fb46d4cbb75cb417cddf6ba5e7582eb7bb0b47db4b99c9fe5787ce5d91f5"},
    {file = "numpy-2.1.2-pp310-pypy310_pp73-manylinux_2_17_x86_64.manylinux2014_x86_64.whl", hash = "sha256:1c193d0b0238638e6fc5f10f1b074a6993cb13b0b431f64079a509d63d3aa8b7"},
    {file = "numpy-2.1.2-pp310-pypy310_pp73-win_amd64.whl", hash = "sha256:a7d80b2e904faa63068ead63107189164ca443b42dd1930299e0d1cb041cec2e"},
    {file = "numpy-2.1.2.tar.gz", hash = "sha256:13532a088217fa624c99b843eeb54640de23b3414b14aa66d023805eb731066c"},
]

[[package]]
name = "pycparser"
version = "2.22"
description = "C parser in Python"
optional = false
python-versions = ">=3.8"
files = [
    {file = "pycparser-2.22-py3-none-any.whl", hash = "sha256:c3702b6d3dd8c7abc1afa565d7e63d53a1d0bd86cdc24edd75470f4de499cfcc"},
    {file = "pycparser-2.22.tar.gz", hash = "sha256:491c8be9c040f5390f5bf44a5b07752bd07f56edf992381b05c701439eec10f6"},
]

[[package]]
name = "pygame-ce"
version = "2.5.1"
description = "Python Game Development"
optional = false
python-versions = ">=3.8"
files = [
    {file = "pygame_ce-2.5.1-cp310-cp310-macosx_10_11_x86_64.whl", hash = "sha256:325bf9f744d40f91e62407246da3cd42f894cabe50f81e4e3f741ffa63db520f"},
    {file = "pygame_ce-2.5.1-cp310-cp310-macosx_11_0_arm64.whl", hash = "sha256:2c42509798a1ee9ab75eb5e186408f2fd7f2b2d9e80e3162bcc670d8c19f1c18"},
    {file = "pygame_ce-2.5.1-cp310-cp310-manylinux_2_17_aarch64.manylinux2014_aarch64.whl", hash = "sha256:b4991ffc389c79055b14b5509d194cee717c285b2a935d74dbb9d48430dc6c26"},
    {file = "pygame_ce-2.5.1-cp310-cp310-manylinux_2_17_i686.manylinux2014_i686.whl", hash = "sha256:88d29da756e8d33550548b436607ebb505792be4ca78e461d888c7f12d94fa6d"},
    {file = "pygame_ce-2.5.1-cp310-cp310-manylinux_2_17_x86_64.manylinux2014_x86_64.whl", hash = "sha256:a0ee6592c1417c4d1518378aa2deaada525c2e536264d4ee7d2e921461cae6ed"},
    {file = "pygame_ce-2.5.1-cp310-cp310-win32.whl", hash = "sha256:a808fdd017df8e59602c319d961f90a9b4b80d3496a336c14588d57b47b39055"},
    {file = "pygame_ce-2.5.1-cp310-cp310-win_amd64.whl", hash = "sha256:8804297c5ad7320bfc38379f7f6cd2f526c8f02b7bd122704fbc2356b29a67b0"},
    {file = "pygame_ce-2.5.1-cp311-cp311-macosx_10_11_x86_64.whl", hash = "sha256:35a10b28d0352f6f38517878f6b9e8ec111abe868b13553e28bee4ed5d4a5c3c"},
    {file = "pygame_ce-2.5.1-cp311-cp311-macosx_11_0_arm64.whl", hash = "sha256:4e533900b97b77c42386b763c66700d4ccd94f84a9db58866e88e72ac5598f60"},
    {file = "pygame_ce-2.5.1-cp311-cp311-manylinux_2_17_aarch64.manylinux2014_aarch64.whl", hash = "sha256:532b1d2a6aca524ac83e93b1eb0ddb638661733288646f7b21a26f9ff3b505fc"},
    {file = "pygame_ce-2.5.1-cp311-cp311-manylinux_2_17_i686.manylinux2014_i686.whl", hash = "sha256:ada79158fe7cb0461139089dc3e913dcc58127f463d93bdc28166736b9cdf520"},
    {file = "pygame_ce-2.5.1-cp311-cp311-manylinux_2_17_x86_64.manylinux2014_x86_64.whl", hash = "sha256:b78c82a63351cd4ab5479604ce46d67692450bfefdc02679e629bf0b300f865a"},
    {file = "pygame_ce-2.5.1-cp311-cp311-win32.whl", hash = "sha256:89cd776f38dc72ab6aca5b80b4db8c0702bb071951d37974700cb3674f22a3ed"},
    {file = "pygame_ce-2.5.1-cp311-cp311-win_amd64.whl", hash = "sha256:6bbec746b9773f742d19834882a73cb7df1a20a7da5d07290054f79ed71cac30"},
    {file = "pygame_ce-2.5.1-cp312-cp312-macosx_10_11_x86_64.whl", hash = "sha256:a4c1f2d1968b9f2eae5c8d822409500f3d77bf2be303076c6760d02d585fbd2f"},
    {file = "pygame_ce-2.5.1-cp312-cp312-macosx_11_0_arm64.whl", hash = "sha256:1df2e1e864581316bd765c7237a65f215d5ab2fcdb471a78e9163f7c25000440"},
    {file = "pygame_ce-2.5.1-cp312-cp312-manylinux_2_17_aarch64.manylinux2014_aarch64.whl", hash = "sha256:b4eff815d597b196dd182add7af607a9f121e3a737a83b847186654b8d8133c2"},
    {file = "pygame_ce-2.5.1-cp312-cp312-manylinux_2_17_i686.manylinux2014_i686.whl", hash = "sha256:2c4119b3991f39fe6def037b7843b0c5668800a3265e2f896eaff6a87d361db5"},
    {file = "pygame_ce-2.5.1-cp312-cp312-manylinux_2_17_x86_64.manylinux2014_x86_64.whl", hash = "sha256:a3c09c53f4e1dea3e674943e5ee34fadaf2e659deb8db197edea5851e0ef30b3"},
    {file = "pygame_ce-2.5.1-cp312-cp312-win32.whl", hash = "sha256:bf5b09513a8444570f097b04cfc26754a0a15453397ab635e22f8626ea6724fc"},
    {file = "pygame_ce-2.5.1-cp312-cp312-win_amd64.whl", hash = "sha256:915e66e27ec5716027393128114a6c753272815f9c85d43ccda2c8de8fafeaed"},
    {file = "pygame_ce-2.5.1-cp313-cp313-macosx_10_13_x86_64.whl", hash = "sha256:d50d5fdd9cbfac092b482209b5a077ec14ab5bd321cb8098e3594ecaa5695962"},
    {file = "pygame_ce-2.5.1-cp313-cp313-macosx_11_0_arm64.whl", hash = "sha256:c6c0c0fd3099ed1da16826fb9b9c784e6bcf95c30ec3b4eb9f60866f0548a9aa"},
    {file = "pygame_ce-2.5.1-cp313-cp313-manylinux_2_17_aarch64.manylinux2014_aarch64.whl", hash = "sha256:7ae9a7ba1a8ad3c3fa5c6b1e3bff449283d45be271b1c54fdfa6cf945d0b34f3"},
    {file = "pygame_ce-2.5.1-cp313-cp313-manylinux_2_17_i686.manylinux2014_i686.whl", hash = "sha256:c6f26b8beac32d3cad2fc02e265d99caf85744162ad22159a060857ad6eae12f"},
    {file = "pygame_ce-2.5.1-cp313-cp313-manylinux_2_17_x86_64.manylinux2014_x86_64.whl", hash = "sha256:ac0059a584c38e6515632d22ddf0e6edaf09ea1ad8f51dadd62323db6ebc3574"},
    {file = "pygame_ce-2.5.1-cp313-cp313-win32.whl", hash = "sha256:3199f02bbe97f4a54ab57ee19c7f8ca08504b8dcef0d991b2295e9daeaf5da31"},
    {file = "pygame_ce-2.5.1-cp313-cp313-win_amd64.whl", hash = "sha256:0c2469b86f4824b8cbd2de01a339412291c6a400f91cfb6839dd4e7e60ca93db"},
    {file = "pygame_ce-2.5.1-cp38-cp38-macosx_10_11_x86_64.whl", hash = "sha256:ef11044ad5e6b67c719494ca1b768b250d726a6bae1f11f600a51638592bfad8"},
    {file = "pygame_ce-2.5.1-cp38-cp38-macosx_11_0_arm64.whl", hash = "sha256:ab6e0cb8c7ff8d2cedb3aac8c0cd75cf32eccef10019dbe974ecbe5d14e22d7e"},
    {file = "pygame_ce-2.5.1-cp38-cp38-manylinux_2_17_aarch64.manylinux2014_aarch64.whl", hash = "sha256:23a94028cb5468e9ba29c9e45c75c1e798a92adbf7e3e7388c22d6c9af38ca5f"},
    {file = "pygame_ce-2.5.1-cp38-cp38-manylinux_2_17_i686.manylinux2014_i686.whl", hash = "sha256:0e3da48918d0b4b264b68c5ced22d40295fbf06a5bdfd47e4107c0a1713db407"},
    {file = "pygame_ce-2.5.1-cp38-cp38-manylinux_2_17_x86_64.manylinux2014_x86_64.whl", hash = "sha256:1a3df7e9d8ed9847c25b90fa1b0b9518f781610c5886b277b6bd1c83a1b38030"},
    {file = "pygame_ce-2.5.1-cp38-cp38-win32.whl", hash = "sha256:fdcf7dd15719a83c5b3d657506e95c13fa9fc52729a74f656bf7e27fbcf2af0e"},
    {file = "pygame_ce-2.5.1-cp38-cp38-win_amd64.whl", hash = "sha256:abc3ddb15ccb05ae72eb1bcce0457fec94d3050e5967d0a782004de314898981"},
    {file = "pygame_ce-2.5.1-cp39-cp39-macosx_10_11_x86_64.whl", hash = "sha256:15d9c235fb6c4ced9d13bf020ebf956e01a68f24a57a0aa6f415ef5c1a3e51fe"},
    {file = "pygame_ce-2.5.1-cp39-cp39-macosx_11_0_arm64.whl", hash = "sha256:456e8c18e6e5b5033462563a4f5e91ab14b661fa237aaf2566f65dc4d3481319"},
    {file = "pygame_ce-2.5.1-cp39-cp39-manylinux_2_17_aarch64.manylinux2014_aarch64.whl", hash = "sha256:a90e960bb29e1b1b8f9f356d089edccf66b5f4d7fc25399f057efedcb30d6bc0"},
    {file = "pygame_ce-2.5.1-cp39-cp39-manylinux_2_17_i686.manylinux2014_i686.whl", hash = "sha256:1ff8fed0ed18633ff5fca1a49482f67348b417990805356d94ec84084d902192"},
    {file = "pygame_ce-2.5.1-cp39-cp39-manylinux_2_17_x86_64.manylinux2014_x86_64.whl", hash = "sha256:846c38ea51853de0fe49fb6e05e8efe9ee1dfd765bcf5162294587cd2f5316b8"},
    {file = "pygame_ce-2.5.1-cp39-cp39-win32.whl", hash = "sha256:4ecfc0c622e8378675e8dc484720d1e215243ada20b4902b9e5def773a263923"},
    {file = "pygame_ce-2.5.1-cp39-cp39-win_amd64.whl", hash = "sha256:90482855cf6d0c2c2b97f7b3f90caa1c1097dc417ba416e1272c43956f510673"},
    {file = "pygame_ce-2.5.1-pp310-pypy310_pp73-macosx_10_15_x86_64.whl", hash = "sha256:dac412cc23b127a5aae475e3422e5289057a6d7200ef2f05bc00981fe18f42f5"},
    {file = "pygame_ce-2.5.1-pp310-pypy310_pp73-macosx_11_0_arm64.whl", hash = "sha256:bab8aed77355dd4482df6a53b20555b7f28b95f0ebd7bd2f7de762c3593c20d6"},
    {file = "pygame_ce-2.5.1-pp310-pypy310_pp73-manylinux_2_17_aarch64.manylinux2014_aarch64.whl", hash = "sha256:f8bcfb8e4cc15d9fbcdbcb6888f98603f45478d58ead9bf3fd029c6040d37290"},
    {file = "pygame_ce-2.5.1-pp310-pypy310_pp73-manylinux_2_17_i686.manylinux2014_i686.whl", hash = "sha256:a38883f820746f41cfc655fe563f6ada8be1e737b1eff12beeac7e0d9eca7c7c"},
    {file = "pygame_ce-2.5.1-pp310-pypy310_pp73-manylinux_2_17_x86_64.manylinux2014_x86_64.whl", hash = "sha256:e74230e95637bfe0b8b0d8e1e0954060277e0d273dbadd2c0f7a1a61632c8401"},
    {file = "pygame_ce-2.5.1-pp310-pypy310_pp73-win_amd64.whl", hash = "sha256:f59e4a1324f0184f5619c506104cd36eb992c824b3ff82daab69f143e491e8ce"},
    {file = "pygame_ce-2.5.1-pp38-pypy38_pp73-macosx_10_11_x86_64.whl", hash = "sha256:604c1ac0e9c2852397f20be852ee1ca850276cd35244417868ed289732f97b19"},
    {file = "pygame_ce-2.5.1-pp38-pypy38_pp73-macosx_11_0_arm64.whl", hash = "sha256:fbfd96109ad8e2528d62c0acd35c6b935a3e28f637fd0a9fa6323a2d16a7e6aa"},
    {file = "pygame_ce-2.5.1-pp38-pypy38_pp73-manylinux_2_17_aarch64.manylinux2014_aarch64.whl", hash = "sha256:dcb58dc6854bf2f75794ca01a690ab793aca41ef777559a58cc4791e291ec149"},
    {file = "pygame_ce-2.5.1-pp38-pypy38_pp73-manylinux_2_17_i686.manylinux2014_i686.whl", hash = "sha256:54c035aa9c70e10d82f6765b51a52e85642b0d6d3433a5de55bd03b7bd372ae9"},
    {file = "pygame_ce-2.5.1-pp38-pypy38_pp73-manylinux_2_17_x86_64.manylinux2014_x86_64.whl", hash = "sha256:4659d5611c0cfdf78a20c824abe48d0c6035fe1525c2fc951afbb7969f8b90af"},
    {file = "pygame_ce-2.5.1-pp38-pypy38_pp73-win_amd64.whl", hash = "sha256:30d928469f7fbfd1e04d9f081615aa775bf25876a0a7f1ef71b939012adacb56"},
    {file = "pygame_ce-2.5.1-pp39-pypy39_pp73-macosx_10_15_x86_64.whl", hash = "sha256:0699e6587b66bdc70f67d396f1a45a32eddef8b1f24c8061d0b920c8f9874cb8"},
    {file = "pygame_ce-2.5.1-pp39-pypy39_pp73-macosx_11_0_arm64.whl", hash = "sha256:cd4513f6259ed369d0d8f28d4eb02f2460f536ac697422984378bdaed27d1489"},
    {file = "pygame_ce-2.5.1-pp39-pypy39_pp73-manylinux_2_17_aarch64.manylinux2014_aarch64.whl", hash = "sha256:c0dbc9fd4ca0bdc7d19b3595defbb27a0a7157da312aa862435377e41aa972c3"},
    {file = "pygame_ce-2.5.1-pp39-pypy39_pp73-manylinux_2_17_i686.manylinux2014_i686.whl", hash = "sha256:4ee80684ef5695a3a433e573838c373f9e991a2ff05cc5aa412847443cb9444d"},
    {file = "pygame_ce-2.5.1-pp39-pypy39_pp73-manylinux_2_17_x86_64.manylinux2014_x86_64.whl", hash = "sha256:0730090e2cefa432fe114a73e253b3e6e58d5d7c200f676669f1ecdf58b48bf0"},
    {file = "pygame_ce-2.5.1-pp39-pypy39_pp73-win_amd64.whl", hash = "sha256:c9efee0fe53d864995f0b9f20cde7946fa0f27b03c71b89f9d8afe6ce5fb3c70"},
    {file = "pygame_ce-2.5.1.tar.gz", hash = "sha256:8e4bb06dede680cd491fbc27293587af51b5dc2205852b5e53c8ed247f984efe"},
]

[[package]]
name = "tcod"
version = "16.2.3"
description = "The official Python port of libtcod."
optional = false
python-versions = ">=3.8"
files = [
    {file = "tcod-16.2.3-cp38-abi3-macosx_10_11_universal2.whl", hash = "sha256:0929be98121f3154f935bf5f5a2d4cff7d866f7afd84ff2bc4914b5d3091fcbd"},
    {file = "tcod-16.2.3-cp38-abi3-macosx_10_11_x86_64.whl", hash = "sha256:c97a4e61e9a880348f0982657b0b30ab6e36c182db4a807acdb405589ee9a051"},
    {file = "tcod-16.2.3-cp38-abi3-manylinux_2_17_aarch64.manylinux2014_aarch64.whl", hash = "sha256:06ae9f145da0e6abf70078e2b08e6f07563c8855e84309a73e478f8de0602d6f"},
    {file = "tcod-16.2.3-cp38-abi3-manylinux_2_17_x86_64.manylinux2014_x86_64.whl", hash = "sha256:abf6c4e3032a906ed86b85ec317d1e44fd3651dca270793d7490fe2a2a81bc64"},
    {file = "tcod-16.2.3-cp38-abi3-win32.whl", hash = "sha256:20975de29b6fdd24043df004ef09f95923ed4e57756c41a38d4ffd5d0f994e06"},
    {file = "tcod-16.2.3-cp38-abi3-win_amd64.whl", hash = "sha256:8bf8935b2a92af164cc011a563f9d8d345e8e148246606b07e9a069ce6e2b6f4"},
    {file = "tcod-16.2.3-pp38-pypy38_pp73-macosx_10_11_x86_64.whl", hash = "sha256:4e5013fa27833b8c03f40cc487282de3a05c950c31538b927dc9297ca44ec93a"},
    {file = "tcod-16.2.3-pp38-pypy38_pp73-macosx_11_0_arm64.whl", hash = "sha256:7c6e3f80f6ccdf9afdb2c525e6ba1622d2614df8e67672b0cb612551044272d5"},
    {file = "tcod-16.2.3-pp38-pypy38_pp73-manylinux_2_17_aarch64.manylinux2014_aarch64.whl", hash = "sha256:8c0b089070166cdf611896ad23060ece1ee87e615936d75bb8db18db468245be"},
    {file = "tcod-16.2.3-pp38-pypy38_pp73-manylinux_2_17_x86_64.manylinux2014_x86_64.whl", hash = "sha256:0c6c6e1edfafbf90a2b8cfecc6977fbb26805022dbb8d40bd2b50e3a25c730d0"},
    {file = "tcod-16.2.3-pp38-pypy38_pp73-win_amd64.whl", hash = "sha256:7261720f5df5ce8c135a05a274dcdbb839bf4d313c7537863309b34b4fe7704b"},
    {file = "tcod-16.2.3.tar.gz", hash = "sha256:72f3527c7fd07d62d35c62bad42efb8651f3324ca965da04b6365630ddd51c1c"},
]

[package.dependencies]
cffi = ">=1.15"
numpy = {version = ">=1.21.4", markers = "implementation_name != \"pypy\""}
typing-extensions = "*"

[[package]]
name = "typing-extensions"
version = "4.12.2"
description = "Backported and Experimental Type Hints for Python 3.8+"
optional = false
python-versions = ">=3.8"
files = [
    {file = "typing_extensions-4.12.2-py3-none-any.whl", hash = "sha256:04e5ca0351e0f3f85c6853954072df659d0d13fac324d0072316b67d7794700d"},
    {file = "typing_extensions-4.12.2.tar.gz", hash = "sha256:1a7ead55c7e559dd4dee8856e3a88b41225abfe1ce8df57b7c13915fe121ffb8"},
]

[metadata]
lock-version = "2.0"
python-versions = "~3.11"
content-hash = "12e4862f4f150d43998796c92b573ac115dc2b65c3e15b7fb4354f3d6a4fedef"
